{
  "name": "gvc_execl",
  "version": "1.0.0",
  "lockfileVersion": 1,
  "requires": true,
  "dependencies": {
    "@babel/runtime": {
      "version": "7.11.2",
      "resolved": "http://nexus.effectmall.com/repository/npm_group/@babel/runtime/-/runtime-7.11.2.tgz",
      "integrity": "sha512-TeWkU52so0mPtDcaCTxNBI/IHiz0pZgr8VEFqXFtZWpYD08ZB6FaSwVAS8MKRQAP3bYKiVjwysOJgMFY28o6Tw==",
      "requires": {
        "regenerator-runtime": "^0.13.4"
      }
    },
    "@types/geojson": {
      "version": "7946.0.7",
      "resolved": "http://nexus.effectmall.com/repository/npm_group/@types/geojson/-/geojson-7946.0.7.tgz",
      "integrity": "sha512-wE2v81i4C4Ol09RtsWFAqg3BUitWbHSpSlIo+bNdsCJijO9sjme+zm+73ZMCa/qMC8UEERxzGbvmr1cffo2SiQ=="
    },
    "@types/node": {
      "version": "13.13.20",
      "resolved": "http://nexus.effectmall.com/repository/npm_group/@types/node/-/node-13.13.20.tgz",
      "integrity": "sha512-1kx55tU3AvGX2Cjk2W4GMBxbgIz892V+X10S2gUreIAq8qCWgaQH+tZBOWc0bi2BKFhQt+CX0BTx28V9QPNa+A=="
    },
    "adler-32": {
      "version": "1.2.0",
      "resolved": "http://nexus.effectmall.com/repository/npm_group/adler-32/-/adler-32-1.2.0.tgz",
      "integrity": "sha1-aj5r8KY5ALoVZSgIyxXGgT0aXyU=",
      "requires": {
        "exit-on-epipe": "~1.0.1",
        "printj": "~1.1.0"
      }
    },
    "cfb": {
      "version": "1.2.0",
      "resolved": "http://nexus.effectmall.com/repository/npm_group/cfb/-/cfb-1.2.0.tgz",
      "integrity": "sha512-sXMvHsKCICVR3Naq+J556K+ExBo9n50iKl6LGarlnvuA2035uMlGA/qVrc0wQtow5P1vJEw9UyrKLCbtIKz+TQ==",
      "requires": {
        "adler-32": "~1.2.0",
        "crc-32": "~1.2.0",
        "printj": "~1.1.2"
      }
    },
    "codepage": {
      "version": "1.14.0",
      "resolved": "http://nexus.effectmall.com/repository/npm_group/codepage/-/codepage-1.14.0.tgz",
      "integrity": "sha1-jL4lSBMjVZ19MHVxsP/5HnodL5k=",
      "requires": {
        "commander": "~2.14.1",
        "exit-on-epipe": "~1.0.1"
      },
      "dependencies": {
        "commander": {
          "version": "2.14.1",
          "resolved": "http://nexus.effectmall.com/repository/npm_group/commander/-/commander-2.14.1.tgz",
          "integrity": "sha512-+YR16o3rK53SmWHU3rEM3tPAh2rwb1yPcQX5irVn7mb0gXbwuCCrnkbV5+PBfETdfg1vui07nM6PCG1zndcjQw=="
        }
      }
    },
    "commander": {
      "version": "2.17.1",
      "resolved": "http://nexus.effectmall.com/repository/npm_group/commander/-/commander-2.17.1.tgz",
      "integrity": "sha512-wPMUt6FnH2yzG95SA6mzjQOEKUU3aLaDEmzs1ti+1E9h+CsrZghRlqEM/EJ4KscsQVG8uNN4uVreUeT8+drlgg=="
    },
    "core-js": {
      "version": "3.6.5",
      "resolved": "http://nexus.effectmall.com/repository/npm_group/core-js/-/core-js-3.6.5.tgz",
      "integrity": "sha512-vZVEEwZoIsI+vPEuoF9Iqf5H7/M3eeQqWlQnYa8FSKKePuYTf5MWnxb5SDAzCa60b3JBRS5g9b+Dq7b1y/RCrA=="
    },
    "crc-32": {
      "version": "1.2.0",
      "resolved": "http://nexus.effectmall.com/repository/npm_group/crc-32/-/crc-32-1.2.0.tgz",
      "integrity": "sha512-1uBwHxF+Y/4yF5G48fwnKq6QsIXheor3ZLPT80yGBV1oEUwpPojlEhQbWKVw1VwcTQyMGHK1/XMmTjmlsmTTGA==",
      "requires": {
        "exit-on-epipe": "~1.0.1",
        "printj": "~1.1.0"
      }
    },
    "denque": {
      "version": "1.4.1",
      "resolved": "http://nexus.effectmall.com/repository/npm_group/denque/-/denque-1.4.1.tgz",
      "integrity": "sha512-OfzPuSZKGcgr96rf1oODnfjqBFmr1DVoc/TrItj3Ohe0Ah1C5WX5Baquw/9U9KovnQ88EqmJbD66rKYUQYN1tQ=="
    },
    "exit-on-epipe": {
      "version": "1.0.1",
      "resolved": "http://nexus.effectmall.com/repository/npm_group/exit-on-epipe/-/exit-on-epipe-1.0.1.tgz",
      "integrity": "sha512-h2z5mrROTxce56S+pnvAV890uu7ls7f1kEvVGJbw1OlFH3/mlJ5bkXu0KRyW94v37zzHPiUd55iLn3DA7TjWpw=="
    },
    "frac": {
      "version": "1.1.2",
      "resolved": "http://nexus.effectmall.com/repository/npm_group/frac/-/frac-1.1.2.tgz",
      "integrity": "sha512-w/XBfkibaTl3YDqASwfDUqkna4Z2p9cFSr1aHDt0WoMTECnRfBOv2WArlZILlqgWlmdIlALXGpM2AOhEk5W3IA=="
    },
    "fxjs": {
      "version": "0.16.3",
      "resolved": "http://nexus.effectmall.com/repository/npm_group/fxjs/-/fxjs-0.16.3.tgz",
      "integrity": "sha512-YyHoPs+ICC5H2ERyNd2KzRmuyDAnJfj4Jcz+xDON1cRtX8yiiG8NIxICSwIDwqvrnnQO7X6KjB3dSpSFXGd0wg==",
      "requires": {
        "core-js": "^3.6.5",
        "regenerator-runtime": "^0.13.5"
      }
    },
    "iconv-lite": {
      "version": "0.5.2",
      "resolved": "http://nexus.effectmall.com/repository/npm_group/iconv-lite/-/iconv-lite-0.5.2.tgz",
      "integrity": "sha512-kERHXvpSaB4aU3eANwidg79K8FlrN77m8G9V+0vOR3HYaRifrlwMEpT7ZBJqLSEIHnEgJTHcWK82wwLwwKwtag==",
      "requires": {
        "safer-buffer": ">= 2.1.2 < 3"
      }
    },
    "long": {
      "version": "4.0.0",
      "resolved": "http://nexus.effectmall.com/repository/npm_group/long/-/long-4.0.0.tgz",
      "integrity": "sha512-XsP+KhQif4bjX1kbuSiySJFNAehNxgLb6hPRGJ9QsUr8ajHkuXGdrHmFUTUUXhDwVX2R5bY4JNZEwbUiMhV+MA=="
    },
    "mariadb": {
      "version": "2.4.2",
      "resolved": "http://nexus.effectmall.com/repository/npm_group/mariadb/-/mariadb-2.4.2.tgz",
      "integrity": "sha512-ybK520CO/8Z74MNJ77dEwXjRMhxMbQdpPia+/uJakJWiZoLEmuwSHqs51qWr4FE5WcgHQfL5KCmOiHErR/LpTg==",
      "requires": {
        "@types/geojson": "^7946.0.7",
        "@types/node": "^13.9.8",
        "denque": "^1.4.1",
        "iconv-lite": "^0.5.1",
        "long": "^4.0.0",
        "moment-timezone": "^0.5.31",
        "please-upgrade-node": "^3.2.0"
      }
    },
    "moment": {
      "version": "2.28.0",
      "resolved": "http://nexus.effectmall.com/repository/npm_group/moment/-/moment-2.28.0.tgz",
      "integrity": "sha512-Z5KOjYmnHyd/ukynmFd/WwyXHd7L4J9vTI/nn5Ap9AVUgaAE15VvQ9MOGmJJygEUklupqIrFnor/tjTwRU+tQw=="
    },
    "moment-timezone": {
      "version": "0.5.31",
      "resolved": "http://nexus.effectmall.com/repository/npm_group/moment-timezone/-/moment-timezone-0.5.31.tgz",
      "integrity": "sha512-+GgHNg8xRhMXfEbv81iDtrVeTcWt0kWmTEY1XQK14dICTXnWJnT0dxdlPspwqF3keKMVPXwayEsk1DI0AA/jdA==",
      "requires": {
        "moment": ">= 2.9.0"
      }
    },
    "neo4j-driver": {
      "version": "4.1.2",
      "resolved": "http://nexus.effectmall.com/repository/npm_group/neo4j-driver/-/neo4j-driver-4.1.2.tgz",
      "integrity": "sha512-hD13lwOuWi53IorgxL0/7HdBrR74VsQTMzZbp45a5e+vhciGtkqsfPH4oy33g+UOeORmxQ1y/lLnKpYe0Ll6xg==",
      "requires": {
        "@babel/runtime": "^7.5.5",
        "rxjs": "^6.5.2",
        "text-encoding-utf-8": "^1.0.2",
        "uri-js": "^4.2.2"
      }
    },
    "please-upgrade-node": {
      "version": "3.2.0",
      "resolved": "http://nexus.effectmall.com/repository/npm_group/please-upgrade-node/-/please-upgrade-node-3.2.0.tgz",
      "integrity": "sha512-gQR3WpIgNIKwBMVLkpMUeR3e1/E1y42bqDQZfql+kDeXd8COYfM8PQA4X6y7a8u9Ua9FHmsrrmirW2vHs45hWg==",
      "requires": {
        "semver-compare": "^1.0.0"
      }
    },
    "printj": {
      "version": "1.1.2",
      "resolved": "http://nexus.effectmall.com/repository/npm_group/printj/-/printj-1.1.2.tgz",
      "integrity": "sha512-zA2SmoLaxZyArQTOPj5LXecR+RagfPSU5Kw1qP+jkWeNlrq+eJZyY2oS68SU1Z/7/myXM4lo9716laOFAVStCQ=="
    },
    "punycode": {
      "version": "2.1.1",
      "resolved": "http://nexus.effectmall.com/repository/npm_group/punycode/-/punycode-2.1.1.tgz",
      "integrity": "sha512-XRsRjdf+j5ml+y/6GKHPZbrF/8p2Yga0JPtdqTIY2Xe5ohJPD9saDJJLPvp9+NSBprVvevdXZybnj2cv8OEd0A=="
    },
    "regenerator-runtime": {
      "version": "0.13.7",
      "resolved": "http://nexus.effectmall.com/repository/npm_group/regenerator-runtime/-/regenerator-runtime-0.13.7.tgz",
      "integrity": "sha512-a54FxoJDIr27pgf7IgeQGxmqUNYrcV338lf/6gH456HZ/PhX+5BcwHXG9ajESmwe6WRO0tAzRUrRmNONWgkrew=="
    },
    "rxjs": {
      "version": "6.6.3",
      "resolved": "http://nexus.effectmall.com/repository/npm_group/rxjs/-/rxjs-6.6.3.tgz",
      "integrity": "sha512-trsQc+xYYXZ3urjOiJOuCOa5N3jAZ3eiSpQB5hIT8zGlL2QfnHLJ2r7GMkBGuIausdJN1OneaI6gQlsqNHHmZQ==",
      "requires": {
        "tslib": "^1.9.0"
      }
    },
    "safer-buffer": {
      "version": "2.1.2",
      "resolved": "http://nexus.effectmall.com/repository/npm_group/safer-buffer/-/safer-buffer-2.1.2.tgz",
      "integrity": "sha512-YZo3K82SD7Riyi0E1EQPojLz7kpepnSQI9IyPbHHg1XXXevb5dJI7tpyN2ADxGcQbHG7vcyRHk0cbwqcQriUtg=="
    },
    "semver-compare": {
      "version": "1.0.0",
      "resolved": "http://nexus.effectmall.com/repository/npm_group/semver-compare/-/semver-compare-1.0.0.tgz",
      "integrity": "sha1-De4hahyUGrN+nvsXiPavxf9VN/w="
    },
    "ssf": {
      "version": "0.11.2",
      "resolved": "http://nexus.effectmall.com/repository/npm_group/ssf/-/ssf-0.11.2.tgz",
      "integrity": "sha512-+idbmIXoYET47hH+d7dfm2epdOMUDjqcB4648sTZ+t2JwoyBFL/insLfB/racrDmsKB3diwsDA696pZMieAC5g==",
      "requires": {
        "frac": "~1.1.2"
      }
    },
    "text-encoding-utf-8": {
      "version": "1.0.2",
      "resolved": "http://nexus.effectmall.com/repository/npm_group/text-encoding-utf-8/-/text-encoding-utf-8-1.0.2.tgz",
      "integrity": "sha512-8bw4MY9WjdsD2aMtO0OzOCY3pXGYNx2d2FfHRVUKkiCPDWjKuOlhLVASS+pD7VkLTVjW268LYJHwsnPFlBpbAg=="
    },
    "tslib": {
      "version": "1.13.0",
      "resolved": "http://nexus.effectmall.com/repository/npm_group/tslib/-/tslib-1.13.0.tgz",
      "integrity": "sha512-i/6DQjL8Xf3be4K/E6Wgpekn5Qasl1usyw++dAA35Ue5orEn65VIxOA+YvNNl9HV3qv70T7CNwjODHZrLwvd1Q=="
    },
    "uri-js": {
      "version": "4.4.0",
      "resolved": "http://nexus.effectmall.com/repository/npm_group/uri-js/-/uri-js-4.4.0.tgz",
      "integrity": "sha512-B0yRTzYdUCCn9n+F4+Gh4yIDtMQcaJsmYBDsTSG8g/OejKBodLQ2IHfN3bM7jUsRXndopT7OIXWdYqc1fjmV6g==",
      "requires": {
        "punycode": "^2.1.0"
      }
    },
    "wmf": {
      "version": "1.0.2",
      "resolved": "http://nexus.effectmall.com/repository/npm_group/wmf/-/wmf-1.0.2.tgz",
      "integrity": "sha512-/p9K7bEh0Dj6WbXg4JG0xvLQmIadrner1bi45VMJTfnbVHsc7yIajZyoSoK60/dtVBs12Fm6WkUI5/3WAVsNMw=="
    },
    "word": {
      "version": "0.3.0",
      "resolved": "http://nexus.effectmall.com/repository/npm_group/word/-/word-0.3.0.tgz",
      "integrity": "sha512-OELeY0Q61OXpdUfTp+oweA/vtLVg5VDOXh+3he3PNzLGG/y0oylSOC1xRVj0+l4vQ3tj/bB1HVHv1ocXkQceFA=="
    },
    "xlsx": {
      "version": "0.16.7",
      "resolved": "http://nexus.effectmall.com/repository/npm_group/xlsx/-/xlsx-0.16.7.tgz",
      "integrity": "sha512-Xc4NRjci2Grbh9NDk/XoaWycJurxEug1wwn0aJCmB0NvIMyQuHYq2muWLWGidYNZPf94aUbqm6K8Fbjd7gKTZg==",
      "requires": {
        "adler-32": "~1.2.0",
        "cfb": "^1.1.4",
        "codepage": "~1.14.0",
        "commander": "~2.17.1",
        "crc-32": "~1.2.0",
        "exit-on-epipe": "~1.0.1",
        "ssf": "~0.11.2",
        "wmf": "~1.0.1",
        "word": "~0.3.0"
      }
    }
  }
}
